// !$*UTF8*$!
{
	archiveVersion = 1;
	classes = {
	};
	objectVersion = 46;
	objects = {

/* Begin PBXBuildFile section */
		5A774A531E08AA6C008FF63F /* AppDelegate.swift in Sources */ = {isa = PBXBuildFile; fileRef = 5A774A521E08AA6C008FF63F /* AppDelegate.swift */; };
		5A774A551E08AA6C008FF63F /* ViewController.swift in Sources */ = {isa = PBXBuildFile; fileRef = 5A774A541E08AA6C008FF63F /* ViewController.swift */; };
		5A774A581E08AA6C008FF63F /* Main.storyboard in Resources */ = {isa = PBXBuildFile; fileRef = 5A774A561E08AA6C008FF63F /* Main.storyboard */; };
		5A774A5A1E08AA6C008FF63F /* Assets.xcassets in Resources */ = {isa = PBXBuildFile; fileRef = 5A774A591E08AA6C008FF63F /* Assets.xcassets */; };
		5A774A5D1E08AA6C008FF63F /* LaunchScreen.storyboard in Resources */ = {isa = PBXBuildFile; fileRef = 5A774A5B1E08AA6C008FF63F /* LaunchScreen.storyboard */; };
		5A774A671E08AAB7008FF63F /* penguin.png in Resources */ = {isa = PBXBuildFile; fileRef = 5A774A651E08AAB7008FF63F /* penguin.png */; };
		5A774A681E08AAB7008FF63F /* penguin@2x.png in Resources */ = {isa = PBXBuildFile; fileRef = 5A774A661E08AAB7008FF63F /* penguin@2x.png */; };
/* End PBXBuildFile section */

/* Begin PBXFileReference section */
		5A774A4F1E08AA6C008FF63F /* Animation.app */ = {isa = PBXFileReference; explicitFileType = wrapper.application; includeInIndex = 0; path = Animation.app; sourceTree = BUILT_PRODUCTS_DIR; };
		5A774A521E08AA6C008FF63F /* AppDelegate.swift */ = {isa = PBXFileReference; lastKnownFileType = sourcecode.swift; path = AppDelegate.swift; sourceTree = "<group>"; };
		5A774A541E08AA6C008FF63F /* ViewController.swift */ = {isa = PBXFileReference; lastKnownFileType = sourcecode.swift; path = ViewController.swift; sourceTree = "<group>"; };
		5A774A571E08AA6C008FF63F /* Base */ = {isa = PBXFileReference; lastKnownFileType = file.storyboard; name = Base; path = Base.lproj/Main.storyboard; sourceTree = "<group>"; };
		5A774A591E08AA6C008FF63F /* Assets.xcassets */ = {isa = PBXFileReference; lastKnownFileType = folder.assetcatalog; path = Assets.xcassets; sourceTree = "<group>"; };
		5A774A5C1E08AA6C008FF63F /* Base */ = {isa = PBXFileReference; lastKnownFileType = file.storyboard; name = Base; path = Base.lproj/LaunchScreen.storyboard; sourceTree = "<group>"; };
		5A774A5E1E08AA6C008FF63F /* Info.plist */ = {isa = PBXFileReference; lastKnownFileType = text.plist.xml; path = Info.plist; sourceTree = "<group>"; };
		5A774A651E08AAB7008FF63F /* penguin.png */ = {isa = PBXFileReference; lastKnownFileType = image.png; path = penguin.png; sourceTree = "<group>"; };
		5A774A661E08AAB7008FF63F /* penguin@2x.png */ = {isa = PBXFileReference; lastKnownFileType = image.png; path = "penguin@2x.png"; sourceTree = "<group>"; };
/* End PBXFileReference section */

/* Begin PBXFrameworksBuildPhase section */
		5A774A4C1E08AA6C008FF63F /* Frameworks */ = {
			isa = PBXFrameworksBuildPhase;
			buildActionMask = 2147483647;
			files = (
			);
			runOnlyForDeploymentPostprocessing = 0;
		};
/* End PBXFrameworksBuildPhase section */

/* Begin PBXGroup section */
		5A774A461E08AA6C008FF63F = {
			isa = PBXGroup;
			children = (
				5A774A511E08AA6C008FF63F /* Animation */,
				5A774A501E08AA6C008FF63F /* Products */,
			);
			sourceTree = "<group>";
		};
		5A774A501E08AA6C008FF63F /* Products */ = {
			isa = PBXGroup;
			children = (
				5A774A4F1E08AA6C008FF63F /* Animation.app */,
			);
			name = Products;
			sourceTree = "<group>";
		};
		5A774A511E08AA6C008FF63F /* Animation */ = {
			isa = PBXGroup;
			children = (
				5A774A521E08AA6C008FF63F /* AppDelegate.swift */,
				5A774A541E08AA6C008FF63F /* ViewController.swift */,
				5A774A561E08AA6C008FF63F /* Main.storyboard */,
				5A774A641E08AAB7008FF63F /* Content */,
				5A774A591E08AA6C008FF63F /* Assets.xcassets */,
				5A774A5B1E08AA6C008FF63F /* LaunchScreen.storyboard */,
				5A774A5E1E08AA6C008FF63F /* Info.plist */,
			);
			path = Animation;
			sourceTree = "<group>";
		};
		5A774A641E08AAB7008FF63F /* Content */ = {
			isa = PBXGroup;
			children = (
				5A774A651E08AAB7008FF63F /* penguin.png */,
				5A774A661E08AAB7008FF63F /* penguin@2x.png */,
			);
			path = Content;
			sourceTree = "<group>";
		};
/* End PBXGroup section */

/* Begin PBXNativeTarget section */
		5A774A4E1E08AA6C008FF63F /* Animation */ = {
			isa = PBXNativeTarget;
			buildConfigurationList = 5A774A611E08AA6C008FF63F /* Build configuration list for PBXNativeTarget "Animation" */;
			buildPhases = (
				5A774A4B1E08AA6C008FF63F /* Sources */,
				5A774A4C1E08AA6C008FF63F /* Frameworks */,
				5A774A4D1E08AA6C008FF63F /* Resources */,
			);
			buildRules = (
			);
			dependencies = (
			);
			name = Animation;
			productName = Animation;
			productReference = 5A774A4F1E08AA6C008FF63F /* Animation.app */;
			productType = "com.apple.product-type.application";
		};
/* End PBXNativeTarget section */

/* Begin PBXProject section */
		5A774A471E08AA6C008FF63F /* Project object */ = {
			isa = PBXProject;
			attributes = {
				LastSwiftUpdateCheck = 0820;
				LastUpgradeCheck = 0820;
				ORGANIZATIONNAME = noahpatterson;
				TargetAttributes = {
					5A774A4E1E08AA6C008FF63F = {
						CreatedOnToolsVersion = 8.2;
						DevelopmentTeam = L4U489Q2PR;
						ProvisioningStyle = Automatic;
					};
				};
			};
			buildConfigurationList = 5A774A4A1E08AA6C008FF63F /* Build configuration list for PBXProject "Animation" */;
			compatibilityVersion = "Xcode 3.2";
			developmentRegion = English;
			hasScannedForEncodings = 0;
			knownRegions = (
				en,
				Base,
			);
			mainGroup = 5A774A461E08AA6C008FF63F;
			productRefGroup = 5A774A501E08AA6C008FF63F /* Products */;
			projectDirPath = "";
			projectRoot = "";
			targets = (
				5A774A4E1E08AA6C008FF63F /* Animation */,
			);
		};
/* End PBXProject section */

/* Begin PBXResourcesBuildPhase section */
		5A774A4D1E08AA6C008FF63F /* Resources */ = {
			isa = PBXResourcesBuildPhase;
			buildActionMask = 2147483647;
			files = (
				5A774A671E08AAB7008FF63F /* penguin.png in Resources */,
				5A774A5D1E08AA6C008FF63F /* LaunchScreen.storyboard in Resources */,
				5A774A5A1E08AA6C008FF63F /* Assets.xcassets in Resources */,
				5A774A581E08AA6C008FF63F /* Main.storyboard in Resources */,
				5A774A681E08AAB7008FF63F /* penguin@2x.png in Resources */,
			);
			runOnlyForDeploymentPostprocessing = 0;
		};
/* End PBXResourcesBuildPhase section */

/* Begin PBXSourcesBuildPhase section */
		5A774A4B1E08AA6C008FF63F /* Sources */ = {
			isa = PBXSourcesBuildPhase;
			buildActionMask = 2147483647;
			files = (
				5A774A551E08AA6C008FF63F /* ViewController.swift in Sources */,
				5A774A531E08AA6C008FF63F /* AppDelegate.swift in Sources */,
			);
			runOnlyForDeploymentPostprocessing = 0;
		};
/* End PBXSourcesBuildPhase section */

/* Begin PBXVariantGroup section */
		5A774A561E08AA6C008FF63F /* Main.storyboard */ = {
			isa = PBXVariantGroup;
			children = (
				5A774A571E08AA6C008FF63F /* Base */,
			);
			name = Main.storyboard;
			sourceTree = "<group>";
		};
		5A774A5B1E08AA6C008FF63F /* LaunchScreen.storyboard */ = {
			isa = PBXVariantGroup;
			children = (
				5A774A5C1E08AA6C008FF63F /* Base */,
			);
			name = LaunchScreen.storyboard;
			sourceTree = "<group>";
		};
/* End PBXVariantGroup section */

/* Begin XCBuildConfiguration section */
		5A774A5F1E08AA6C008FF63F /* Debug */ = {
			isa = XCBuildConfiguration;
			buildSettings = {
				ALWAYS_SEARCH_USER_PATHS = NO;
				CLANG_ANALYZER_NONNULL = YES;
				CLANG_CXX_LANGUAGE_STANDARD = "gnu++0x";
				CLANG_CXX_LIBRARY = "libc++";
				CLANG_ENABLE_MODULES = YES;
				CLANG_ENABLE_OBJC_ARC = YES;
				CLANG_WARN_BOOL_CONVERSION = YES;
				CLANG_WARN_CONSTANT_CONVERSION = YES;
				CLANG_WARN_DIRECT_OBJC_ISA_USAGE = YES_ERROR;
				CLANG_WARN_DOCUMENTATION_COMMENTS = YES;
				CLANG_WARN_EMPTY_BODY = YES;
				CLANG_WARN_ENUM_CONVERSION = YES;
				CLANG_WARN_INFINITE_RECURSION = YES;
				CLANG_WARN_INT_CONVERSION = YES;
				CLANG_WARN_OBJC_ROOT_CLASS = YES_ERROR;
				CLANG_WARN_SUSPICIOUS_MOVE = YES;
				CLANG_WARN_UNREACHABLE_CODE = YES;
				CLANG_WARN__DUPLICATE_METHOD_MATCH = YES;
				"CODE_SIGN_IDENTITY[sdk=iphoneos*]" = "iPhone Developer";
				COPY_PHASE_STRIP = NO;
				DEBUG_INFORMATION_FORMAT = dwarf;
				ENABLE_STRICT_OBJC_MSGSEND = YES;
				ENABLE_TESTABILITY = YES;
				GCC_C_LANGUAGE_STANDARD = gnu99;
				GCC_DYNAMIC_NO_PIC = NO;
				GCC_NO_COMMON_BLOCKS = YES;
				GCC_OPTIMIZATION_LEVEL = 0;
				GCC_PREPROCESSOR_DEFINITIONS = (
					"DEBUG=1",
					"$(inherited)",
				);
				GCC_WARN_64_TO_32_BIT_CONVERSION = YES;
				GCC_WARN_ABOUT_RETURN_TYPE = YES_ERROR;
				GCC_WARN_UNDECLARED_SELECTOR = YES;
				GCC_WARN_UNINITIALIZED_AUTOS = YES_AGGRESSIVE;
				GCC_WARN_UNUSED_FUNCTION = YES;
				GCC_WARN_UNUSED_VARIABLE = YES;
				IPHONEOS_DEPLOYMENT_TARGET = 10.2;
				MTL_ENABLE_DEBUG_INFO = YES;
				ONLY_ACTIVE_ARCH = YES;
				SDKROOT = iphoneos;
				SWIFT_ACTIVE_COMPILATION_CONDITIONS = DEBUG;
				SWIFT_OPTIMIZATION_LEVEL = "-Onone";
				TARGETED_DEVICE_FAMILY = 2;
			};
			name = Debug;
		};
		5A774A601E08AA6C008FF63F /* Release */ = {
			isa = XCBuildConfiguration;
			buildSettings = {
				ALWAYS_SEARCH_USER_PATHS = NO;
				CLANG_ANALYZER_NONNULL = YES;
				CLANG_CXX_LANGUAGE_STANDARD = "gnu++0x";
				CLANG_CXX_LIBRARY = "libc++";
				CLANG_ENABLE_MODULES = YES;
				CLANG_ENABLE_OBJC_ARC = YES;
				CLANG_WARN_BOOL_CONVERSION = YES;
				CLANG_WARN_CONSTANT_CONVERSION = YES;
				CLANG_WARN_DIRECT_OBJC_ISA_USAGE = YES_ERROR;
				CLANG_WARN_DOCUMENTATION_COMMENTS = YES;
				CLANG_WARN_EMPTY_BODY = YES;
				CLANG_WARN_ENUM_CONVERSION = YES;
				CLANG_WARN_INFINITE_RECURSION = YES;
				CLANG_WARN_INT_CONVERSION = YES;
				CLANG_WARN_OBJC_ROOT_CLASS = YES_ERROR;
				CLANG_WARN_SUSPICIOUS_MOVE = YES;
				CLANG_WARN_UNREACHABLE_CODE = YES;
				CLANG_WARN__DUPLICATE_METHOD_MATCH = YES;
				"CODE_SIGN_IDENTITY[sdk=iphoneos*]" = "iPhone Developer";
				COPY_PHASE_STRIP = NO;
				DEBUG_INFORMATION_FORMAT = "dwarf-with-dsym";
				ENABLE_NS_ASSERTIONS = NO;
				ENABLE_STRICT_OBJC_MSGSEND = YES;
				GCC_C_LANGUAGE_STANDARD = gnu99;
				GCC_NO_COMMON_BLOCKS = YES;
				GCC_WARN_64_TO_32_BIT_CONVERSION = YES;
				GCC_WARN_ABOUT_RETURN_TYPE = YES_ERROR;
				GCC_WARN_UNDECLARED_SELECTOR = YES;
				GCC_WARN_UNINITIALIZED_AUTOS = YES_AGGRESSIVE;
				GCC_WARN_UNUSED_FUNCTION = YES;
				GCC_WARN_UNUSED_VARIABLE = YES;
				IPHONEOS_DEPLOYMENT_TARGET = 10.2;
				MTL_ENABLE_DEBUG_INFO = NO;
				SDKROOT = iphoneos;
				SWIFT_OPTIMIZATION_LEVEL = "-Owholemodule";
				TARGETED_DEVICE_FAMILY = 2;
				VALIDATE_PRODUCT = YES;
			};
			name = Release;
		};
		5A774A621E08AA6C008FF63F /* Debug */ = {
			isa = XCBuildConfiguration;
			buildSettings = {
				ASSETCATALOG_COMPILER_APPICON_NAME = AppIcon;
				DEVELOPMENT_TEAM = L4U489Q2PR;
				INFOPLIST_FILE = Animation/Info.plist;
				LD_RUNPATH_SEARCH_PATHS = "$(inherited) @executable_path/Frameworks";
				PRODUCT_BUNDLE_IDENTIFIER = me.noahpatterson.Animation;
				PRODUCT_NAME = "$(TARGET_NAME)";
				SWIFT_VERSION = 3.0;
			};
			name = Debug;
		};
		5A774A631E08AA6C008FF63F /* Release */ = {
			isa = XCBuildConfiguration;
			buildSettings = {
				ASSETCATALOG_COMPILER_APPICON_NAME = AppIcon;
				DEVELOPMENT_TEAM = L4U489Q2PR;
				INFOPLIST_FILE = Animation/Info.plist;
				LD_RUNPATH_SEARCH_PATHS = "$(inherited) @executable_path/Frameworks";
				PRODUCT_BUNDLE_IDENTIFIER = me.noahpatterson.Animation;
				PRODUCT_NAME = "$(TARGET_NAME)";
				SWIFT_VERSION = 3.0;
			};
			name = Release;
		};
/* End XCBuildConfiguration section */

/* Begin XCConfigurationList section */
		5A774A4A1E08AA6C008FF63F /* Build configuration list for PBXProject "Animation" */ = {
			isa = XCConfigurationList;
			buildConfigurations = (
				5A774A5F1E08AA6C008FF63F /* Debug */,
				5A774A601E08AA6C008FF63F /* Release */,
			);
			defaultConfigurationIsVisible = 0;
			defaultConfigurationName = Release;
		};
		5A774A611E08AA6C008FF63F /* Build configuration list for PBXNativeTarget "Animation" */ = {
			isa = XCConfigurationList;
			buildConfigurations = (
				5A774A621E08AA6C008FF63F /* Debug */,
				5A774A631E08AA6C008FF63F /* Release */,
			);
			defaultConfigurationIsVisible = 0;
		};
/* End XCConfigurationList section */
	};
	rootObject = 5A774A471E08AA6C008FF63F /* Project object */;
}
